
Microsoft Visual Studio Solution File, Format Version 12.00
# Visual Studio Version 16
VisualStudioVersion = 16.0.31829.152
MinimumVisualStudioVersion = 10.0.40219.1
Project("{FAE04EC0-301F-11D3-BF4B-00C04F79EFBC}") = "Koelkast_App.Android", "Koelkast_App\Koelkast_App.Android\Koelkast_App.Android.csproj", "{907302C6-CA14-4E72-A48C-885198C7262A}"
EndProject
Project("{FAE04EC0-301F-11D3-BF4B-00C04F79EFBC}") = "Koelkast_App.iOS", "Koelkast_App\Koelkast_App.iOS\Koelkast_App.iOS.csproj", "{DB346746-2E2F-45FA-BC04-26E78E0B156C}"
EndProject
Project("{FAE04EC0-301F-11D3-BF4B-00C04F79EFBC}") = "Koelkast_App", "Koelkast_App\Koelkast_App\Koelkast_App.csproj", "{93BDC124-E2D4-4679-927C-5C9B489B82E7}"
EndProject
Global
	GlobalSection(SolutionConfigurationPlatforms) = preSolution
		Debug|Any CPU = Debug|Any CPU
		Debug|iPhone = Debug|iPhone
		Debug|iPhoneSimulator = Debug|iPhoneSimulator
		Release|Any CPU = Release|Any CPU
		Release|iPhone = Release|iPhone
		Release|iPhoneSimulator = Release|iPhoneSimulator
	EndGlobalSection
	GlobalSection(ProjectConfigurationPlatforms) = postSolution
		{907302C6-CA14-4E72-A48C-885198C7262A}.Debug|Any CPU.ActiveCfg = Debug|Any CPU
		{907302C6-CA14-4E72-A48C-885198C7262A}.Debug|Any CPU.Build.0 = Debug|Any CPU
		{907302C6-CA14-4E72-A48C-885198C7262A}.Debug|Any CPU.Deploy.0 = Debug|Any CPU
		{907302C6-CA14-4E72-A48C-885198C7262A}.Debug|iPhone.ActiveCfg = Debug|Any CPU
		{907302C6-CA14-4E72-A48C-885198C7262A}.Debug|iPhone.Build.0 = Debug|Any CPU
		{907302C6-CA14-4E72-A48C-885198C7262A}.Debug|iPhone.Deploy.0 = Debug|Any CPU
		{907302C6-CA14-4E72-A48C-885198C7262A}.Debug|iPhoneSimulator.ActiveCfg = Debug|Any CPU
		{907302C6-CA14-4E72-A48C-885198C7262A}.Debug|iPhoneSimulator.Build.0 = Debug|Any CPU
		{907302C6-CA14-4E72-A48C-885198C7262A}.Debug|iPhoneSimulator.Deploy.0 = Debug|Any CPU
		{907302C6-CA14-4E72-A48C-885198C7262A}.Release|Any CPU.ActiveCfg = Release|Any CPU
		{907302C6-CA14-4E72-A48C-885198C7262A}.Release|Any CPU.Build.0 = Release|Any CPU
		{907302C6-CA14-4E72-A48C-885198C7262A}.Release|Any CPU.Deploy.0 = Release|Any CPU
		{907302C6-CA14-4E72-A48C-885198C7262A}.Release|iPhone.ActiveCfg = Release|Any CPU
		{907302C6-CA14-4E72-A48C-885198C7262A}.Release|iPhone.Build.0 = Release|Any CPU
		{907302C6-CA14-4E72-A48C-885198C7262A}.Release|iPhone.Deploy.0 = Release|Any CPU
		{907302C6-CA14-4E72-A48C-885198C7262A}.Release|iPhoneSimulator.ActiveCfg = Release|Any CPU
		{907302C6-CA14-4E72-A48C-885198C7262A}.Release|iPhoneSimulator.Build.0 = Release|Any CPU
		{907302C6-CA14-4E72-A48C-885198C7262A}.Release|iPhoneSimulator.Deploy.0 = Release|Any CPU
		{DB346746-2E2F-45FA-BC04-26E78E0B156C}.Debug|Any CPU.ActiveCfg = Debug|iPhone
		{DB346746-2E2F-45FA-BC04-26E78E0B156C}.Debug|Any CPU.Build.0 = Debug|iPhone
		{DB346746-2E2F-45FA-BC04-26E78E0B156C}.Debug|Any CPU.Deploy.0 = Debug|iPhone
		{DB346746-2E2F-45FA-BC04-26E78E0B156C}.Debug|iPhone.ActiveCfg = Debug|iPhone
		{DB346746-2E2F-45FA-BC04-26E78E0B156C}.Debug|iPhone.Build.0 = Debug|iPhone
		{DB346746-2E2F-45FA-BC04-26E78E0B156C}.Debug|iPhone.Deploy.0 = Debug|iPhone
		{DB346746-2E2F-45FA-BC04-26E78E0B156C}.Debug|iPhoneSimulator.ActiveCfg = Debug|iPhoneSimulator
		{DB346746-2E2F-45FA-BC04-26E78E0B156C}.Debug|iPhoneSimulator.Build.0 = Debug|iPhoneSimulator
		{DB346746-2E2F-45FA-BC04-26E78E0B156C}.Debug|iPhoneSimulator.Deploy.0 = Debug|iPhoneSimulator
		{DB346746-2E2F-45FA-BC04-26E78E0B156C}.Release|Any CPU.ActiveCfg = Release|iPhoneSimulator
		{DB346746-2E2F-45FA-BC04-26E78E0B156C}.Release|Any CPU.Build.0 = Release|iPhoneSimulator
		{DB346746-2E2F-45FA-BC04-26E78E0B156C}.Release|Any CPU.Deploy.0 = Release|iPhoneSimulator
		{DB346746-2E2F-45FA-BC04-26E78E0B156C}.Release|iPhone.ActiveCfg = Release|iPhone
		{DB346746-2E2F-45FA-BC04-26E78E0B156C}.Release|iPhone.Build.0 = Release|iPhone
		{DB346746-2E2F-45FA-BC04-26E78E0B156C}.Release|iPhone.Deploy.0 = Release|iPhone
		{DB346746-2E2F-45FA-BC04-26E78E0B156C}.Release|iPhoneSimulator.ActiveCfg = Release|iPhoneSimulator
		{DB346746-2E2F-45FA-BC04-26E78E0B156C}.Release|iPhoneSimulator.Build.0 = Release|iPhoneSimulator
		{DB346746-2E2F-45FA-BC04-26E78E0B156C}.Release|iPhoneSimulator.Deploy.0 = Release|iPhoneSimulator
		{93BDC124-E2D4-4679-927C-5C9B489B82E7}.Debug|Any CPU.ActiveCfg = Debug|Any CPU
		{93BDC124-E2D4-4679-927C-5C9B489B82E7}.Debug|Any CPU.Build.0 = Debug|Any CPU
		{93BDC124-E2D4-4679-927C-5C9B489B82E7}.Debug|Any CPU.Deploy.0 = Debug|Any CPU
		{93BDC124-E2D4-4679-927C-5C9B489B82E7}.Debug|iPhone.ActiveCfg = Debug|Any CPU
		{93BDC124-E2D4-4679-927C-5C9B489B82E7}.Debug|iPhone.Build.0 = Debug|Any CPU
		{93BDC124-E2D4-4679-927C-5C9B489B82E7}.Debug|iPhone.Deploy.0 = Debug|Any CPU
		{93BDC124-E2D4-4679-927C-5C9B489B82E7}.Debug|iPhoneSimulator.ActiveCfg = Debug|Any CPU
		{93BDC124-E2D4-4679-927C-5C9B489B82E7}.Debug|iPhoneSimulator.Build.0 = Debug|Any CPU
		{93BDC124-E2D4-4679-927C-5C9B489B82E7}.Debug|iPhoneSimulator.Deploy.0 = Debug|Any CPU
		{93BDC124-E2D4-4679-927C-5C9B489B82E7}.Release|Any CPU.ActiveCfg = Release|Any CPU
		{93BDC124-E2D4-4679-927C-5C9B489B82E7}.Release|Any CPU.Build.0 = Release|Any CPU
		{93BDC124-E2D4-4679-927C-5C9B489B82E7}.Release|Any CPU.Deploy.0 = Release|Any CPU
		{93BDC124-E2D4-4679-927C-5C9B489B82E7}.Release|iPhone.ActiveCfg = Release|Any CPU
		{93BDC124-E2D4-4679-927C-5C9B489B82E7}.Release|iPhone.Build.0 = Release|Any CPU
		{93BDC124-E2D4-4679-927C-5C9B489B82E7}.Release|iPhone.Deploy.0 = Release|Any CPU
		{93BDC124-E2D4-4679-927C-5C9B489B82E7}.Release|iPhoneSimulator.ActiveCfg = Release|Any CPU
		{93BDC124-E2D4-4679-927C-5C9B489B82E7}.Release|iPhoneSimulator.Build.0 = Release|Any CPU
		{93BDC124-E2D4-4679-927C-5C9B489B82E7}.Release|iPhoneSimulator.Deploy.0 = Release|Any CPU
	EndGlobalSection
	GlobalSection(SolutionProperties) = preSolution
		HideSolutionNode = FALSE
	EndGlobalSection
	GlobalSection(ExtensibilityGlobals) = postSolution
		SolutionGuid = {1AA24B1B-088A-4E84-8180-397D36D6F74E}
	EndGlobalSection
EndGlobal
